
Microsoft Visual Studio Solution File, Format Version 12.00
# Visual Studio Version 17
VisualStudioVersion = 17.9.34728.123
MinimumVisualStudioVersion = 10.0.40219.1
Project("{FAE04EC0-301F-11D3-BF4B-00C04F79EFBC}") = "StocksApp", "StocksApp.csproj", "{48E9E490-EFCB-4922-A4E0-7CD0EF5C64D4}"
EndProject
Global
	GlobalSection(SolutionConfigurationPlatforms) = preSolution
		Debug|Any CPU = Debug|Any CPU
		Release|Any CPU = Release|Any CPU
	EndGlobalSection
	GlobalSection(ProjectConfigurationPlatforms) = postSolution
		{48E9E490-EFCB-4922-A4E0-7CD0EF5C64D4}.Debug|Any CPU.ActiveCfg = Debug|Any CPU
		{48E9E490-EFCB-4922-A4E0-7CD0EF5C64D4}.Debug|Any CPU.Build.0 = Debug|Any CPU
		{48E9E490-EFCB-4922-A4E0-7CD0EF5C64D4}.Release|Any CPU.ActiveCfg = Release|Any CPU
		{48E9E490-EFCB-4922-A4E0-7CD0EF5C64D4}.Release|Any CPU.Build.0 = Release|Any CPU
	EndGlobalSection
	GlobalSection(SolutionProperties) = preSolution
		HideSolutionNode = FALSE
	EndGlobalSection
	GlobalSection(ExtensibilityGlobals) = postSolution
		SolutionGuid = {3CA9EC53-22BC-4FEC-BA14-7193AC64B790}
	EndGlobalSection
EndGlobal
